
Microsoft Visual Studio Solution File, Format Version 12.00
# Visual Studio Version 17
VisualStudioVersion = 17.0.31903.59
MinimumVisualStudioVersion = 10.0.40219.1
Project("{FAE04EC0-301F-11D3-BF4B-00C04F79EFBC}") = "FristExercise", "FristExercise\FristExercise.csproj", "{588B9103-4DCC-4A76-905B-EEDD08E055AD}"
EndProject
Global
	GlobalSection(SolutionConfigurationPlatforms) = preSolution
		Debug|Any CPU = Debug|Any CPU
		Release|Any CPU = Release|Any CPU
	EndGlobalSection
	GlobalSection(SolutionProperties) = preSolution
		HideSolutionNode = FALSE
	EndGlobalSection
	GlobalSection(ProjectConfigurationPlatforms) = postSolution
		{588B9103-4DCC-4A76-905B-EEDD08E055AD}.Debug|Any CPU.ActiveCfg = Debug|Any CPU
		{588B9103-4DCC-4A76-905B-EEDD08E055AD}.Debug|Any CPU.Build.0 = Debug|Any CPU
		{588B9103-4DCC-4A76-905B-EEDD08E055AD}.Release|Any CPU.ActiveCfg = Release|Any CPU
		{588B9103-4DCC-4A76-905B-EEDD08E055AD}.Release|Any CPU.Build.0 = Release|Any CPU
	EndGlobalSection
EndGlobal
