
Microsoft Visual Studio Solution File, Format Version 12.00
# Visual Studio Version 17
VisualStudioVersion = 17.0.31903.59
MinimumVisualStudioVersion = 10.0.40219.1
Project("{FAE04EC0-301F-11D3-BF4B-00C04F79EFBC}") = "Desafio01", "Desafio01\Desafio01.csproj", "{64E562D6-24BC-42B1-9391-B2D1D9E8A2EE}"
EndProject
Project("{FAE04EC0-301F-11D3-BF4B-00C04F79EFBC}") = "ExerciciosDeRevisao", "ExerciciosDeRevisao\ExerciciosDeRevisao.csproj", "{850F9504-2F32-402E-B8A4-5B7DFFF22670}"
EndProject
Project("{FAE04EC0-301F-11D3-BF4B-00C04F79EFBC}") = "ExercicioRevisão02", "ExercicioRevisão02\ExercicioRevisão02.csproj", "{088931C3-FF8F-4A90-B022-382AB9E0B6A9}"
EndProject
Project("{FAE04EC0-301F-11D3-BF4B-00C04F79EFBC}") = "ExercicioRevisao03", "ExercicioRevisao03\ExercicioRevisao03.csproj", "{82E5EAEB-258A-4EEB-A096-0B7DA865D116}"
EndProject
Project("{FAE04EC0-301F-11D3-BF4B-00C04F79EFBC}") = "ExercicioRevisao04", "ExercicioRevisao04\ExercicioRevisao04.csproj", "{7B96EA25-64A2-47DA-B9EB-FFD8425223EB}"
EndProject
Project("{FAE04EC0-301F-11D3-BF4B-00C04F79EFBC}") = "ExercicioRevisao05", "ExercicioRevisao05\ExercicioRevisao05.csproj", "{6D2C8CE5-6DE3-4282-9443-3A62718B134D}"
EndProject
Project("{FAE04EC0-301F-11D3-BF4B-00C04F79EFBC}") = "ExercicioRevisao06", "ExercicioRevisao06\ExercicioRevisao06.csproj", "{CDC2F566-E2AB-4CAA-8EFC-048AAFB0C2F4}"
EndProject
Global
	GlobalSection(SolutionConfigurationPlatforms) = preSolution
		Debug|Any CPU = Debug|Any CPU
		Debug|x64 = Debug|x64
		Debug|x86 = Debug|x86
		Release|Any CPU = Release|Any CPU
		Release|x64 = Release|x64
		Release|x86 = Release|x86
	EndGlobalSection
	GlobalSection(ProjectConfigurationPlatforms) = postSolution
		{64E562D6-24BC-42B1-9391-B2D1D9E8A2EE}.Debug|Any CPU.ActiveCfg = Debug|Any CPU
		{64E562D6-24BC-42B1-9391-B2D1D9E8A2EE}.Debug|Any CPU.Build.0 = Debug|Any CPU
		{64E562D6-24BC-42B1-9391-B2D1D9E8A2EE}.Debug|x64.ActiveCfg = Debug|Any CPU
		{64E562D6-24BC-42B1-9391-B2D1D9E8A2EE}.Debug|x64.Build.0 = Debug|Any CPU
		{64E562D6-24BC-42B1-9391-B2D1D9E8A2EE}.Debug|x86.ActiveCfg = Debug|Any CPU
		{64E562D6-24BC-42B1-9391-B2D1D9E8A2EE}.Debug|x86.Build.0 = Debug|Any CPU
		{64E562D6-24BC-42B1-9391-B2D1D9E8A2EE}.Release|Any CPU.ActiveCfg = Release|Any CPU
		{64E562D6-24BC-42B1-9391-B2D1D9E8A2EE}.Release|Any CPU.Build.0 = Release|Any CPU
		{64E562D6-24BC-42B1-9391-B2D1D9E8A2EE}.Release|x64.ActiveCfg = Release|Any CPU
		{64E562D6-24BC-42B1-9391-B2D1D9E8A2EE}.Release|x64.Build.0 = Release|Any CPU
		{64E562D6-24BC-42B1-9391-B2D1D9E8A2EE}.Release|x86.ActiveCfg = Release|Any CPU
		{64E562D6-24BC-42B1-9391-B2D1D9E8A2EE}.Release|x86.Build.0 = Release|Any CPU
		{850F9504-2F32-402E-B8A4-5B7DFFF22670}.Debug|Any CPU.ActiveCfg = Debug|Any CPU
		{850F9504-2F32-402E-B8A4-5B7DFFF22670}.Debug|Any CPU.Build.0 = Debug|Any CPU
		{850F9504-2F32-402E-B8A4-5B7DFFF22670}.Debug|x64.ActiveCfg = Debug|Any CPU
		{850F9504-2F32-402E-B8A4-5B7DFFF22670}.Debug|x64.Build.0 = Debug|Any CPU
		{850F9504-2F32-402E-B8A4-5B7DFFF22670}.Debug|x86.ActiveCfg = Debug|Any CPU
		{850F9504-2F32-402E-B8A4-5B7DFFF22670}.Debug|x86.Build.0 = Debug|Any CPU
		{850F9504-2F32-402E-B8A4-5B7DFFF22670}.Release|Any CPU.ActiveCfg = Release|Any CPU
		{850F9504-2F32-402E-B8A4-5B7DFFF22670}.Release|Any CPU.Build.0 = Release|Any CPU
		{850F9504-2F32-402E-B8A4-5B7DFFF22670}.Release|x64.ActiveCfg = Release|Any CPU
		{850F9504-2F32-402E-B8A4-5B7DFFF22670}.Release|x64.Build.0 = Release|Any CPU
		{850F9504-2F32-402E-B8A4-5B7DFFF22670}.Release|x86.ActiveCfg = Release|Any CPU
		{850F9504-2F32-402E-B8A4-5B7DFFF22670}.Release|x86.Build.0 = Release|Any CPU
		{088931C3-FF8F-4A90-B022-382AB9E0B6A9}.Debug|Any CPU.ActiveCfg = Debug|Any CPU
		{088931C3-FF8F-4A90-B022-382AB9E0B6A9}.Debug|Any CPU.Build.0 = Debug|Any CPU
		{088931C3-FF8F-4A90-B022-382AB9E0B6A9}.Debug|x64.ActiveCfg = Debug|Any CPU
		{088931C3-FF8F-4A90-B022-382AB9E0B6A9}.Debug|x64.Build.0 = Debug|Any CPU
		{088931C3-FF8F-4A90-B022-382AB9E0B6A9}.Debug|x86.ActiveCfg = Debug|Any CPU
		{088931C3-FF8F-4A90-B022-382AB9E0B6A9}.Debug|x86.Build.0 = Debug|Any CPU
		{088931C3-FF8F-4A90-B022-382AB9E0B6A9}.Release|Any CPU.ActiveCfg = Release|Any CPU
		{088931C3-FF8F-4A90-B022-382AB9E0B6A9}.Release|Any CPU.Build.0 = Release|Any CPU
		{088931C3-FF8F-4A90-B022-382AB9E0B6A9}.Release|x64.ActiveCfg = Release|Any CPU
		{088931C3-FF8F-4A90-B022-382AB9E0B6A9}.Release|x64.Build.0 = Release|Any CPU
		{088931C3-FF8F-4A90-B022-382AB9E0B6A9}.Release|x86.ActiveCfg = Release|Any CPU
		{088931C3-FF8F-4A90-B022-382AB9E0B6A9}.Release|x86.Build.0 = Release|Any CPU
		{82E5EAEB-258A-4EEB-A096-0B7DA865D116}.Debug|Any CPU.ActiveCfg = Debug|Any CPU
		{82E5EAEB-258A-4EEB-A096-0B7DA865D116}.Debug|Any CPU.Build.0 = Debug|Any CPU
		{82E5EAEB-258A-4EEB-A096-0B7DA865D116}.Debug|x64.ActiveCfg = Debug|Any CPU
		{82E5EAEB-258A-4EEB-A096-0B7DA865D116}.Debug|x64.Build.0 = Debug|Any CPU
		{82E5EAEB-258A-4EEB-A096-0B7DA865D116}.Debug|x86.ActiveCfg = Debug|Any CPU
		{82E5EAEB-258A-4EEB-A096-0B7DA865D116}.Debug|x86.Build.0 = Debug|Any CPU
		{82E5EAEB-258A-4EEB-A096-0B7DA865D116}.Release|Any CPU.ActiveCfg = Release|Any CPU
		{82E5EAEB-258A-4EEB-A096-0B7DA865D116}.Release|Any CPU.Build.0 = Release|Any CPU
		{82E5EAEB-258A-4EEB-A096-0B7DA865D116}.Release|x64.ActiveCfg = Release|Any CPU
		{82E5EAEB-258A-4EEB-A096-0B7DA865D116}.Release|x64.Build.0 = Release|Any CPU
		{82E5EAEB-258A-4EEB-A096-0B7DA865D116}.Release|x86.ActiveCfg = Release|Any CPU
		{82E5EAEB-258A-4EEB-A096-0B7DA865D116}.Release|x86.Build.0 = Release|Any CPU
		{7B96EA25-64A2-47DA-B9EB-FFD8425223EB}.Debug|Any CPU.ActiveCfg = Debug|Any CPU
		{7B96EA25-64A2-47DA-B9EB-FFD8425223EB}.Debug|Any CPU.Build.0 = Debug|Any CPU
		{7B96EA25-64A2-47DA-B9EB-FFD8425223EB}.Debug|x64.ActiveCfg = Debug|Any CPU
		{7B96EA25-64A2-47DA-B9EB-FFD8425223EB}.Debug|x64.Build.0 = Debug|Any CPU
		{7B96EA25-64A2-47DA-B9EB-FFD8425223EB}.Debug|x86.ActiveCfg = Debug|Any CPU
		{7B96EA25-64A2-47DA-B9EB-FFD8425223EB}.Debug|x86.Build.0 = Debug|Any CPU
		{7B96EA25-64A2-47DA-B9EB-FFD8425223EB}.Release|Any CPU.ActiveCfg = Release|Any CPU
		{7B96EA25-64A2-47DA-B9EB-FFD8425223EB}.Release|Any CPU.Build.0 = Release|Any CPU
		{7B96EA25-64A2-47DA-B9EB-FFD8425223EB}.Release|x64.ActiveCfg = Release|Any CPU
		{7B96EA25-64A2-47DA-B9EB-FFD8425223EB}.Release|x64.Build.0 = Release|Any CPU
		{7B96EA25-64A2-47DA-B9EB-FFD8425223EB}.Release|x86.ActiveCfg = Release|Any CPU
		{7B96EA25-64A2-47DA-B9EB-FFD8425223EB}.Release|x86.Build.0 = Release|Any CPU
		{6D2C8CE5-6DE3-4282-9443-3A62718B134D}.Debug|Any CPU.ActiveCfg = Debug|Any CPU
		{6D2C8CE5-6DE3-4282-9443-3A62718B134D}.Debug|Any CPU.Build.0 = Debug|Any CPU
		{6D2C8CE5-6DE3-4282-9443-3A62718B134D}.Debug|x64.ActiveCfg = Debug|Any CPU
		{6D2C8CE5-6DE3-4282-9443-3A62718B134D}.Debug|x64.Build.0 = Debug|Any CPU
		{6D2C8CE5-6DE3-4282-9443-3A62718B134D}.Debug|x86.ActiveCfg = Debug|Any CPU
		{6D2C8CE5-6DE3-4282-9443-3A62718B134D}.Debug|x86.Build.0 = Debug|Any CPU
		{6D2C8CE5-6DE3-4282-9443-3A62718B134D}.Release|Any CPU.ActiveCfg = Release|Any CPU
		{6D2C8CE5-6DE3-4282-9443-3A62718B134D}.Release|Any CPU.Build.0 = Release|Any CPU
		{6D2C8CE5-6DE3-4282-9443-3A62718B134D}.Release|x64.ActiveCfg = Release|Any CPU
		{6D2C8CE5-6DE3-4282-9443-3A62718B134D}.Release|x64.Build.0 = Release|Any CPU
		{6D2C8CE5-6DE3-4282-9443-3A62718B134D}.Release|x86.ActiveCfg = Release|Any CPU
		{6D2C8CE5-6DE3-4282-9443-3A62718B134D}.Release|x86.Build.0 = Release|Any CPU
		{CDC2F566-E2AB-4CAA-8EFC-048AAFB0C2F4}.Debug|Any CPU.ActiveCfg = Debug|Any CPU
		{CDC2F566-E2AB-4CAA-8EFC-048AAFB0C2F4}.Debug|Any CPU.Build.0 = Debug|Any CPU
		{CDC2F566-E2AB-4CAA-8EFC-048AAFB0C2F4}.Debug|x64.ActiveCfg = Debug|Any CPU
		{CDC2F566-E2AB-4CAA-8EFC-048AAFB0C2F4}.Debug|x64.Build.0 = Debug|Any CPU
		{CDC2F566-E2AB-4CAA-8EFC-048AAFB0C2F4}.Debug|x86.ActiveCfg = Debug|Any CPU
		{CDC2F566-E2AB-4CAA-8EFC-048AAFB0C2F4}.Debug|x86.Build.0 = Debug|Any CPU
		{CDC2F566-E2AB-4CAA-8EFC-048AAFB0C2F4}.Release|Any CPU.ActiveCfg = Release|Any CPU
		{CDC2F566-E2AB-4CAA-8EFC-048AAFB0C2F4}.Release|Any CPU.Build.0 = Release|Any CPU
		{CDC2F566-E2AB-4CAA-8EFC-048AAFB0C2F4}.Release|x64.ActiveCfg = Release|Any CPU
		{CDC2F566-E2AB-4CAA-8EFC-048AAFB0C2F4}.Release|x64.Build.0 = Release|Any CPU
		{CDC2F566-E2AB-4CAA-8EFC-048AAFB0C2F4}.Release|x86.ActiveCfg = Release|Any CPU
		{CDC2F566-E2AB-4CAA-8EFC-048AAFB0C2F4}.Release|x86.Build.0 = Release|Any CPU
	EndGlobalSection
	GlobalSection(SolutionProperties) = preSolution
		HideSolutionNode = FALSE
	EndGlobalSection
EndGlobal
