
Microsoft Visual Studio Solution File, Format Version 12.00
# Visual Studio Version 17
VisualStudioVersion = 17.0.31903.59
MinimumVisualStudioVersion = 10.0.40219.1
Project("{FAE04EC0-301F-11D3-BF4B-00C04F79EFBC}") = "HePar", "HePar\HePar.csproj", "{A8528B40-666E-407D-970B-C501E4E09C3D}"
EndProject
Global
	GlobalSection(SolutionConfigurationPlatforms) = preSolution
		Debug|Any CPU = Debug|Any CPU
		Release|Any CPU = Release|Any CPU
	EndGlobalSection
	GlobalSection(SolutionProperties) = preSolution
		HideSolutionNode = FALSE
	EndGlobalSection
	GlobalSection(ProjectConfigurationPlatforms) = postSolution
		{A8528B40-666E-407D-970B-C501E4E09C3D}.Debug|Any CPU.ActiveCfg = Debug|Any CPU
		{A8528B40-666E-407D-970B-C501E4E09C3D}.Debug|Any CPU.Build.0 = Debug|Any CPU
		{A8528B40-666E-407D-970B-C501E4E09C3D}.Release|Any CPU.ActiveCfg = Release|Any CPU
		{A8528B40-666E-407D-970B-C501E4E09C3D}.Release|Any CPU.Build.0 = Release|Any CPU
	EndGlobalSection
EndGlobal
